# This file is generated by running "yarn install" inside your project.
# Manual changes might be lost - proceed with caution!

__metadata:
  version: 8
  cacheKey: 10c0

"@babel/runtime@npm:^7.21.0":
  version: 7.27.1
  resolution: "@babel/runtime@npm:7.27.1"
  checksum: 10c0/530a7332f86ac5a7442250456823a930906911d895c0b743bf1852efc88a20a016ed4cd26d442d0ca40ae6d5448111e02a08dd638a4f1064b47d080e2875dc05
  languageName: node
  linkType: hard

"@nodelib/fs.scandir@npm:2.1.5":
  version: 2.1.5
  resolution: "@nodelib/fs.scandir@npm:2.1.5"
  dependencies:
    "@nodelib/fs.stat": "npm:2.0.5"
    run-parallel: "npm:^1.1.9"
  checksum: 10c0/732c3b6d1b1e967440e65f284bd06e5821fedf10a1bea9ed2bb75956ea1f30e08c44d3def9d6a230666574edbaf136f8cfd319c14fd1f87c66e6a44449afb2eb
  languageName: node
  linkType: hard

"@nodelib/fs.stat@npm:2.0.5, @nodelib/fs.stat@npm:^2.0.2":
  version: 2.0.5
  resolution: "@nodelib/fs.stat@npm:2.0.5"
  checksum: 10c0/88dafe5e3e29a388b07264680dc996c17f4bda48d163a9d4f5c1112979f0ce8ec72aa7116122c350b4e7976bc5566dc3ddb579be1ceaacc727872eb4ed93926d
  languageName: node
  linkType: hard

"@nodelib/fs.walk@npm:^1.2.3":
  version: 1.2.8
  resolution: "@nodelib/fs.walk@npm:1.2.8"
  dependencies:
    "@nodelib/fs.scandir": "npm:2.1.5"
    fastq: "npm:^1.6.0"
  checksum: 10c0/db9de047c3bb9b51f9335a7bb46f4fcfb6829fb628318c12115fbaf7d369bfce71c15b103d1fc3b464812d936220ee9bc1c8f762d032c9f6be9acc99249095b1
  languageName: node
  linkType: hard

"argparse@npm:^2.0.1":
  version: 2.0.1
  resolution: "argparse@npm:2.0.1"
  checksum: 10c0/c5640c2d89045371c7cedd6a70212a04e360fd34d6edeae32f6952c63949e3525ea77dbec0289d8213a99bbaeab5abfa860b5c12cf88a2e6cf8106e90dd27a7e
  languageName: node
  linkType: hard

"astronomia@npm:^4.1.0, astronomia@npm:^4.1.1":
  version: 4.1.1
  resolution: "astronomia@npm:4.1.1"
  checksum: 10c0/99f7d7dbe85d2afb7b48ca06c8e292e444912bbacc30a413e166faa4701e998e5ab16e800c9206102a89754f2550e2fd4eb5f36dc787fe18ed21ea12cbc01edb
  languageName: node
  linkType: hard

"braces@npm:^3.0.3":
  version: 3.0.3
  resolution: "braces@npm:3.0.3"
  dependencies:
    fill-range: "npm:^7.1.1"
  checksum: 10c0/7c6dfd30c338d2997ba77500539227b9d1f85e388a5f43220865201e407e076783d0881f2d297b9f80951b4c957fcf0b51c1d2d24227631643c3f7c284b0aa04
  languageName: node
  linkType: hard

"caldate@npm:^2.0.5":
  version: 2.0.5
  resolution: "caldate@npm:2.0.5"
  dependencies:
    moment-timezone: "npm:^0.5.43"
  checksum: 10c0/82743439c538982a9751be3ddf153784e765a709391c3342d6328b7f86aee230f7c50cda295020d209434fc3e8c57e0ea9f1b53832b77a9909c2c428b51613a5
  languageName: node
  linkType: hard

"chalk@npm:^5.4.1":
  version: 5.4.1
  resolution: "chalk@npm:5.4.1"
  checksum: 10c0/b23e88132c702f4855ca6d25cb5538b1114343e41472d5263ee8a37cccfccd9c4216d111e1097c6a27830407a1dc81fecdf2a56f2c63033d4dbbd88c10b0dcef
  languageName: node
  linkType: hard

"date-bengali-revised@npm:^2.0.2":
  version: 2.0.2
  resolution: "date-bengali-revised@npm:2.0.2"
  checksum: 10c0/c0a83ed6333a7871385a1b1bdddc992f35c69af6ba1231d28562669992916fbc1672022313213ddb34df9478973b2a2b30a931967e55acfc0d9a8200d596fd40
  languageName: node
  linkType: hard

"date-chinese@npm:^2.1.4":
  version: 2.1.4
  resolution: "date-chinese@npm:2.1.4"
  dependencies:
    astronomia: "npm:^4.1.0"
  checksum: 10c0/1ab1e94d0dcb7fa524d0c4ce54249c3b341779870dbd9c26c008c2a17ae72668b109106cd7e9ac8d6e37d7d3bb796b48f7406b755d3aae3f1c06fdf760714610
  languageName: node
  linkType: hard

"date-easter@npm:^1.0.3":
  version: 1.0.3
  resolution: "date-easter@npm:1.0.3"
  checksum: 10c0/08734502a3264fb8c5073c22ab13e6624e7981293c72b5e3c37ea88bceae75db9ec8cd25443ea3729b096f5e062469d934f9ebf072a30229b313d1ba28e5d204
  languageName: node
  linkType: hard

"date-fns-tz@npm:^1.3.7":
  version: 1.3.8
  resolution: "date-fns-tz@npm:1.3.8"
  peerDependencies:
    date-fns: ">=2.0.0"
  checksum: 10c0/4cb16aeae3ea4a72ac4ae9f7db2011e38797aff122a78be16217a0492dde3938e1e62d21dbf1469a36fb4426824196233cedc70807f0a3033bca132bf76d563e
  languageName: node
  linkType: hard

"date-fns@npm:^2.29.3":
  version: 2.30.0
  resolution: "date-fns@npm:2.30.0"
  dependencies:
    "@babel/runtime": "npm:^7.21.0"
  checksum: 10c0/e4b521fbf22bc8c3db332bbfb7b094fd3e7627de0259a9d17c7551e2d2702608a7307a449206065916538e384f37b181565447ce2637ae09828427aed9cb5581
  languageName: node
  linkType: hard

"date-holidays-parser@npm:^3.4.7":
  version: 3.4.7
  resolution: "date-holidays-parser@npm:3.4.7"
  dependencies:
    astronomia: "npm:^4.1.1"
    caldate: "npm:^2.0.5"
    date-bengali-revised: "npm:^2.0.2"
    date-chinese: "npm:^2.1.4"
    date-easter: "npm:^1.0.3"
    deepmerge: "npm:^4.3.1"
    jalaali-js: "npm:^1.2.7"
    moment-timezone: "npm:^0.5.47"
  checksum: 10c0/2e65cf1fa0b350bf0a659729a8ce1ed3fc84789fb64a2b6e1ede68758c233ce7255bb493dd0ea558ef66685b14d777b9bd8319b8fca1d0541a7b5e53c66f5bd1
  languageName: node
  linkType: hard

"date-holidays@npm:^3.16.11":
  version: 3.24.2
  resolution: "date-holidays@npm:3.24.2"
  dependencies:
    date-holidays-parser: "npm:^3.4.7"
    js-yaml: "npm:^4.1.0"
    lodash: "npm:^4.17.21"
    prepin: "npm:^1.0.3"
  bin:
    holidays2json: scripts/holidays2json.cjs
  checksum: 10c0/6c2d061225468a0c6461aa1a7fadb8882ad87024ae47ae23b819a16b03429b7e5d26136f3eff3c57dd85d2f329d962f1386f50dffda2ff8314e94a0b6a3fce93
  languageName: node
  linkType: hard

"debug@npm:^4.4.0":
  version: 4.4.0
  resolution: "debug@npm:4.4.0"
  dependencies:
    ms: "npm:^2.1.3"
  peerDependenciesMeta:
    supports-color:
      optional: true
  checksum: 10c0/db94f1a182bf886f57b4755f85b3a74c39b5114b9377b7ab375dc2cfa3454f09490cc6c30f829df3fc8042bc8b8995f6567ce5cd96f3bc3688bd24027197d9de
  languageName: node
  linkType: hard

"deepmerge@npm:^4.3.1":
  version: 4.3.1
  resolution: "deepmerge@npm:4.3.1"
  checksum: 10c0/e53481aaf1aa2c4082b5342be6b6d8ad9dfe387bc92ce197a66dea08bd4265904a087e75e464f14d1347cf2ac8afe1e4c16b266e0561cc5df29382d3c5f80044
  languageName: node
  linkType: hard

"dotenv@npm:^16.0.3":
  version: 16.5.0
  resolution: "dotenv@npm:16.5.0"
  checksum: 10c0/5bc94c919fbd955bf0ba44d33922a1e93d1078e64a1db5c30faeded1d996e7a83c55332cb8ea4fae5a9ca4d0be44cbceb95c5811e70f9f095298df09d1997dd9
  languageName: node
  linkType: hard

"fast-glob@npm:^3.3.3":
  version: 3.3.3
  resolution: "fast-glob@npm:3.3.3"
  dependencies:
    "@nodelib/fs.stat": "npm:^2.0.2"
    "@nodelib/fs.walk": "npm:^1.2.3"
    glob-parent: "npm:^5.1.2"
    merge2: "npm:^1.3.0"
    micromatch: "npm:^4.0.8"
  checksum: 10c0/f6aaa141d0d3384cf73cbcdfc52f475ed293f6d5b65bfc5def368b09163a9f7e5ec2b3014d80f733c405f58e470ee0cc451c2937685045cddcdeaa24199c43fe
  languageName: node
  linkType: hard

"fastq@npm:^1.6.0":
  version: 1.19.1
  resolution: "fastq@npm:1.19.1"
  dependencies:
    reusify: "npm:^1.0.4"
  checksum: 10c0/ebc6e50ac7048daaeb8e64522a1ea7a26e92b3cee5cd1c7f2316cdca81ba543aa40a136b53891446ea5c3a67ec215fbaca87ad405f102dd97012f62916905630
  languageName: node
  linkType: hard

"fill-range@npm:^7.1.1":
  version: 7.1.1
  resolution: "fill-range@npm:7.1.1"
  dependencies:
    to-regex-range: "npm:^5.0.1"
  checksum: 10c0/b75b691bbe065472f38824f694c2f7449d7f5004aa950426a2c28f0306c60db9b880c0b0e4ed819997ffb882d1da02cfcfc819bddc94d71627f5269682edf018
  languageName: node
  linkType: hard

"glob-parent@npm:^5.1.2":
  version: 5.1.2
  resolution: "glob-parent@npm:5.1.2"
  dependencies:
    is-glob: "npm:^4.0.1"
  checksum: 10c0/cab87638e2112bee3f839ef5f6e0765057163d39c66be8ec1602f3823da4692297ad4e972de876ea17c44d652978638d2fd583c6713d0eb6591706825020c9ee
  languageName: node
  linkType: hard

"is-extglob@npm:^2.1.1":
  version: 2.1.1
  resolution: "is-extglob@npm:2.1.1"
  checksum: 10c0/5487da35691fbc339700bbb2730430b07777a3c21b9ebaecb3072512dfd7b4ba78ac2381a87e8d78d20ea08affb3f1971b4af629173a6bf435ff8a4c47747912
  languageName: node
  linkType: hard

"is-glob@npm:^4.0.1":
  version: 4.0.3
  resolution: "is-glob@npm:4.0.3"
  dependencies:
    is-extglob: "npm:^2.1.1"
  checksum: 10c0/17fb4014e22be3bbecea9b2e3a76e9e34ff645466be702f1693e8f1ee1adac84710d0be0bd9f967d6354036fd51ab7c2741d954d6e91dae6bb69714de92c197a
  languageName: node
  linkType: hard

"is-number@npm:^7.0.0":
  version: 7.0.0
  resolution: "is-number@npm:7.0.0"
  checksum: 10c0/b4686d0d3053146095ccd45346461bc8e53b80aeb7671cc52a4de02dbbf7dc0d1d2a986e2fe4ae206984b4d34ef37e8b795ebc4f4295c978373e6575e295d811
  languageName: node
  linkType: hard

"jalaali-js@npm:^1.2.7":
  version: 1.2.8
  resolution: "jalaali-js@npm:1.2.8"
  checksum: 10c0/a90e314b61a2c2eb644633659d95838ef0fed1ccd8b551482868dd5e902df683579a336893eca1215b58ae2410139185de51ebe1b7aecd6790ae4a5aa868877f
  languageName: node
  linkType: hard

"js-yaml@npm:^4.1.0":
  version: 4.1.0
  resolution: "js-yaml@npm:4.1.0"
  dependencies:
    argparse: "npm:^2.0.1"
  bin:
    js-yaml: bin/js-yaml.js
  checksum: 10c0/184a24b4eaacfce40ad9074c64fd42ac83cf74d8c8cd137718d456ced75051229e5061b8633c3366b8aada17945a7a356b337828c19da92b51ae62126575018f
  languageName: node
  linkType: hard

"ktr-util@git+https://github.com/luketych/ktr-util.git":
  version: 0.1.0
  resolution: "ktr-util@https://github.com/luketych/ktr-util.git#commit=dce5e0ddca78d4d8024482e6c24f13f30ce5b641"
  dependencies:
    chalk: "npm:^5.4.1"
    date-fns: "npm:^2.29.3"
    date-fns-tz: "npm:^1.3.7"
    date-holidays: "npm:^3.16.11"
    debug: "npm:^4.4.0"
    dotenv: "npm:^16.0.3"
    fast-glob: "npm:^3.3.3"
    ktr-util: "git+https://github.com/luketych/ktr-util.git"
    nodemailer: "npm:^6.8.0"
    supports-color: "npm:^10.0.0"
  checksum: 10c0/812542f873531e8147bf38abe3bcf06ae44f6b6bebafbcf8e2d7601242adfe305d1d41f8fd527a7809fbcde15a2cb4b11f0e2a29e5d8be83fa271e684559d15d
  languageName: node
  linkType: hard

"ktr-util@git+ssh://git@github.com:luketych/ktr-util.git":
  version: 0.1.0
  resolution: "ktr-util@git+ssh://git@github.com:luketych/ktr-util.git#commit=dce5e0ddca78d4d8024482e6c24f13f30ce5b641"
  dependencies:
    chalk: "npm:^5.4.1"
    date-fns: "npm:^2.29.3"
    date-fns-tz: "npm:^1.3.7"
    date-holidays: "npm:^3.16.11"
    debug: "npm:^4.4.0"
    dotenv: "npm:^16.0.3"
    fast-glob: "npm:^3.3.3"
    ktr-util: "git+https://github.com/luketych/ktr-util.git"
    nodemailer: "npm:^6.8.0"
    supports-color: "npm:^10.0.0"
  checksum: 10c0/812542f873531e8147bf38abe3bcf06ae44f6b6bebafbcf8e2d7601242adfe305d1d41f8fd527a7809fbcde15a2cb4b11f0e2a29e5d8be83fa271e684559d15d
  languageName: node
  linkType: hard

"lodash@npm:^4.17.21":
  version: 4.17.21
  resolution: "lodash@npm:4.17.21"
  checksum: 10c0/d8cbea072bb08655bb4c989da418994b073a608dffa608b09ac04b43a791b12aeae7cd7ad919aa4c925f33b48490b5cfe6c1f71d827956071dae2e7bb3a6b74c
  languageName: node
  linkType: hard

"merge2@npm:^1.3.0":
  version: 1.4.1
  resolution: "merge2@npm:1.4.1"
  checksum: 10c0/254a8a4605b58f450308fc474c82ac9a094848081bf4c06778200207820e5193726dc563a0d2c16468810516a5c97d9d3ea0ca6585d23c58ccfff2403e8dbbeb
  languageName: node
  linkType: hard

"micromatch@npm:^4.0.8":
  version: 4.0.8
  resolution: "micromatch@npm:4.0.8"
  dependencies:
    braces: "npm:^3.0.3"
    picomatch: "npm:^2.3.1"
  checksum: 10c0/166fa6eb926b9553f32ef81f5f531d27b4ce7da60e5baf8c021d043b27a388fb95e46a8038d5045877881e673f8134122b59624d5cecbd16eb50a42e7a6b5ca8
  languageName: node
  linkType: hard

"moment-timezone@npm:^0.5.43, moment-timezone@npm:^0.5.47":
  version: 0.5.48
  resolution: "moment-timezone@npm:0.5.48"
  dependencies:
    moment: "npm:^2.29.4"
  checksum: 10c0/ab14ec9d94bc33f29ac18e5417b7f8aca0b17130b952c5cc9697b8fea839e5ece9313af5fd3c9703a05db472b1560ddbfc7ad2aa24aac9afd047d6da6c3c6033
  languageName: node
  linkType: hard

"moment@npm:^2.29.4":
  version: 2.30.1
  resolution: "moment@npm:2.30.1"
  checksum: 10c0/865e4279418c6de666fca7786607705fd0189d8a7b7624e2e56be99290ac846f90878a6f602e34b4e0455c549b85385b1baf9966845962b313699e7cb847543a
  languageName: node
  linkType: hard

"ms@npm:^2.1.3":
  version: 2.1.3
  resolution: "ms@npm:2.1.3"
  checksum: 10c0/d924b57e7312b3b63ad21fc5b3dc0af5e78d61a1fc7cfb5457edaf26326bf62be5307cc87ffb6862ef1c2b33b0233cdb5d4f01c4c958cc0d660948b65a287a48
  languageName: node
  linkType: hard

"nodemailer@npm:^6.8.0":
  version: 6.10.1
  resolution: "nodemailer@npm:6.10.1"
  checksum: 10c0/e81fde258ea4f4e5646e9e3eebe89294d007939999d2d1a8c96c5488fa00bf659e46cf76fccb2697e9aa6ef9807a1ed47ff2aef6ad30b795e3849b6997066d16
  languageName: node
  linkType: hard

"picomatch@npm:^2.3.1":
  version: 2.3.1
  resolution: "picomatch@npm:2.3.1"
  checksum: 10c0/26c02b8d06f03206fc2ab8d16f19960f2ff9e81a658f831ecb656d8f17d9edc799e8364b1f4a7873e89d9702dff96204be0fa26fe4181f6843f040f819dac4be
  languageName: node
  linkType: hard

"prepin@npm:^1.0.3":
  version: 1.0.3
  resolution: "prepin@npm:1.0.3"
  bin:
    prepin: ./bin/prepin.js
  checksum: 10c0/fecef4ee90499f26b7db532146f29612f47383b32965b5bab86b5dfde208cd6a1926edc7c6c1113b062f7c26e5d39cd6bd414721663b3d57aabe175cd58d14a5
  languageName: node
  linkType: hard

"queue-microtask@npm:^1.2.2":
  version: 1.2.3
  resolution: "queue-microtask@npm:1.2.3"
  checksum: 10c0/900a93d3cdae3acd7d16f642c29a642aea32c2026446151f0778c62ac089d4b8e6c986811076e1ae180a694cedf077d453a11b58ff0a865629a4f82ab558e102
  languageName: node
  linkType: hard

"reusify@npm:^1.0.4":
  version: 1.1.0
  resolution: "reusify@npm:1.1.0"
  checksum: 10c0/4eff0d4a5f9383566c7d7ec437b671cc51b25963bd61bf127c3f3d3f68e44a026d99b8d2f1ad344afff8d278a8fe70a8ea092650a716d22287e8bef7126bb2fa
  languageName: node
  linkType: hard

"run-parallel@npm:^1.1.9":
  version: 1.2.0
  resolution: "run-parallel@npm:1.2.0"
  dependencies:
    queue-microtask: "npm:^1.2.2"
  checksum: 10c0/200b5ab25b5b8b7113f9901bfe3afc347e19bb7475b267d55ad0eb86a62a46d77510cb0f232507c9e5d497ebda569a08a9867d0d14f57a82ad5564d991588b39
  languageName: node
  linkType: hard

"supports-color@npm:^10.0.0":
  version: 10.0.0
  resolution: "supports-color@npm:10.0.0"
  checksum: 10c0/0e7884dfd02a07b3c6e0b235346f58c19f0201f1e44f7807583581761b354688c8577378785b5a4e3b03110809786c4c808e0e086cd91911f7b8bc59132703a8
  languageName: node
  linkType: hard

"test-importing@workspace:.":
  version: 0.0.0-use.local
  resolution: "test-importing@workspace:."
  dependencies:
    ktr-util: "git+ssh://git@github.com:luketych/ktr-util.git"
  languageName: unknown
  linkType: soft

"to-regex-range@npm:^5.0.1":
  version: 5.0.1
  resolution: "to-regex-range@npm:5.0.1"
  dependencies:
    is-number: "npm:^7.0.0"
  checksum: 10c0/487988b0a19c654ff3e1961b87f471702e708fa8a8dd02a298ef16da7206692e8552a0250e8b3e8759270f62e9d8314616f6da274734d3b558b1fc7b7724e892
  languageName: node
  linkType: hard
